// !$*UTF8*$!
{
	archiveVersion = 1;
	classes = {
	};
	objectVersion = 50;
	objects = {

/* Begin PBXBuildFile section */
		3ACB3F9E257A24A900293173 /* SceneDelegate.swift in Sources */ = {isa = PBXBuildFile; fileRef = 3ACB3F9D257A24A900293173 /* SceneDelegate.swift */; };
		3ACB3FA0257A24A900293173 /*  .swift in Sources */ = {isa = PBXBuildFile; fileRef = 3ACB3F9F257A24A900293173 /*  .swift */; };
		3ACB3FA6257A24A900293173 /* MealTimeApp.xcdatamodeld in Sources */ = {isa = PBXBuildFile; fileRef = 3ACB3FA4257A24A900293173 /* MealTimeApp.xcdatamodeld */; };
		3ACB3FA8257A24AC00293173 /* Assets.xcassets in Resources */ = {isa = PBXBuildFile; fileRef = 3ACB3FA7257A24AC00293173 /* Assets.xcassets */; };
		3ACB3FAB257A24AC00293173 /* LaunchScreen.storyboard in Resources */ = {isa = PBXBuildFile; fileRef = 3ACB3FA9257A24AC00293173 /* LaunchScreen.storyboard */; };
		3ACB3FBB257A314F00293173 /* Main.storyboard in Resources */ = {isa = PBXBuildFile; fileRef = 3ACB3FB9257A314F00293173 /* Main.storyboard */; };
		3ACB3FBD257A317400293173 /* AppDelegate.swift in Sources */ = {isa = PBXBuildFile; fileRef = 3ACB3FBC257A317400293173 /* AppDelegate.swift */; };
		3ACB3FE2257A387800293173 /* CoreDataStack.swift in Sources */ = {isa = PBXBuildFile; fileRef = 3ACB3FE1257A387800293173 /* CoreDataStack.swift */; };
		3ACB3FE7257A440D00293173 /* User+CoreDataClass.swift in Sources */ = {isa = PBXBuildFile; fileRef = 3ACB3FE3257A440D00293173 /* User+CoreDataClass.swift */; };
		3ACB3FE8257A440D00293173 /* User+CoreDataProperties.swift in Sources */ = {isa = PBXBuildFile; fileRef = 3ACB3FE4257A440D00293173 /* User+CoreDataProperties.swift */; };
		3ACB3FE9257A440D00293173 /* Meal+CoreDataClass.swift in Sources */ = {isa = PBXBuildFile; fileRef = 3ACB3FE5257A440D00293173 /* Meal+CoreDataClass.swift */; };
		3ACB3FEA257A440D00293173 /* Meal+CoreDataProperties.swift in Sources */ = {isa = PBXBuildFile; fileRef = 3ACB3FE6257A440D00293173 /* Meal+CoreDataProperties.swift */; };
/* End PBXBuildFile section */

/* Begin PBXFileReference section */
		3ACB3F98257A24A900293173 /* MealTimeApp.app */ = {isa = PBXFileReference; explicitFileType = wrapper.application; includeInIndex = 0; path = MealTimeApp.app; sourceTree = BUILT_PRODUCTS_DIR; };
		3ACB3F9D257A24A900293173 /* SceneDelegate.swift */ = {isa = PBXFileReference; lastKnownFileType = sourcecode.swift; path = SceneDelegate.swift; sourceTree = "<group>"; };
		3ACB3F9F257A24A900293173 /*  .swift */ = {isa = PBXFileReference; lastKnownFileType = sourcecode.swift; path = " .swift"; sourceTree = "<group>"; };
		3ACB3FA5257A24A900293173 /* MealTimeApp.xcdatamodel */ = {isa = PBXFileReference; lastKnownFileType = wrapper.xcdatamodel; path = MealTimeApp.xcdatamodel; sourceTree = "<group>"; };
		3ACB3FA7257A24AC00293173 /* Assets.xcassets */ = {isa = PBXFileReference; lastKnownFileType = folder.assetcatalog; path = Assets.xcassets; sourceTree = "<group>"; };
		3ACB3FAA257A24AC00293173 /* Base */ = {isa = PBXFileReference; lastKnownFileType = file.storyboard; name = Base; path = Base.lproj/LaunchScreen.storyboard; sourceTree = "<group>"; };
		3ACB3FAC257A24AC00293173 /* Info.plist */ = {isa = PBXFileReference; lastKnownFileType = text.plist.xml; path = Info.plist; sourceTree = "<group>"; };
		3ACB3FBA257A314F00293173 /* Base */ = {isa = PBXFileReference; lastKnownFileType = file.storyboard; name = Base; path = ../../../../Downloads/MealTime/MealTime/Base.lproj/Main.storyboard; sourceTree = "<group>"; };
		3ACB3FBC257A317400293173 /* AppDelegate.swift */ = {isa = PBXFileReference; fileEncoding = 4; lastKnownFileType = sourcecode.swift; name = AppDelegate.swift; path = ../../../../Downloads/MealTime/MealTime/AppDelegate.swift; sourceTree = "<group>"; };
		3ACB3FE1257A387800293173 /* CoreDataStack.swift */ = {isa = PBXFileReference; lastKnownFileType = sourcecode.swift; path = CoreDataStack.swift; sourceTree = "<group>"; };
		3ACB3FE3257A440D00293173 /* User+CoreDataClass.swift */ = {isa = PBXFileReference; lastKnownFileType = sourcecode.swift; path = "User+CoreDataClass.swift"; sourceTree = "<group>"; };
		3ACB3FE4257A440D00293173 /* User+CoreDataProperties.swift */ = {isa = PBXFileReference; lastKnownFileType = sourcecode.swift; path = "User+CoreDataProperties.swift"; sourceTree = "<group>"; };
		3ACB3FE5257A440D00293173 /* Meal+CoreDataClass.swift */ = {isa = PBXFileReference; lastKnownFileType = sourcecode.swift; path = "Meal+CoreDataClass.swift"; sourceTree = "<group>"; };
		3ACB3FE6257A440D00293173 /* Meal+CoreDataProperties.swift */ = {isa = PBXFileReference; lastKnownFileType = sourcecode.swift; path = "Meal+CoreDataProperties.swift"; sourceTree = "<group>"; };
/* End PBXFileReference section */

/* Begin PBXFrameworksBuildPhase section */
		3ACB3F95257A24A900293173 /* Frameworks */ = {
			isa = PBXFrameworksBuildPhase;
			buildActionMask = 2147483647;
			files = (
			);
			runOnlyForDeploymentPostprocessing = 0;
		};
/* End PBXFrameworksBuildPhase section */

/* Begin PBXGroup section */
		3ACB3F8F257A24A900293173 = {
			isa = PBXGroup;
			children = (
				3ACB3FEB257A449200293173 /* CoreData Entities */,
				3ACB3F9A257A24A900293173 /* MealTimeApp */,
				3ACB3F99257A24A900293173 /* Products */,
			);
			sourceTree = "<group>";
		};
		3ACB3F99257A24A900293173 /* Products */ = {
			isa = PBXGroup;
			children = (
				3ACB3F98257A24A900293173 /* MealTimeApp.app */,
			);
			name = Products;
			sourceTree = "<group>";
		};
		3ACB3F9A257A24A900293173 /* MealTimeApp */ = {
			isa = PBXGroup;
			children = (
				3ACB3FBC257A317400293173 /* AppDelegate.swift */,
				3ACB3FE1257A387800293173 /* CoreDataStack.swift */,
				3ACB3F9D257A24A900293173 /* SceneDelegate.swift */,
				3ACB3F9F257A24A900293173 /*  .swift */,
				3ACB3FB9257A314F00293173 /* Main.storyboard */,
				3ACB3FA7257A24AC00293173 /* Assets.xcassets */,
				3ACB3FA9257A24AC00293173 /* LaunchScreen.storyboard */,
				3ACB3FAC257A24AC00293173 /* Info.plist */,
				3ACB3FA4257A24A900293173 /* MealTimeApp.xcdatamodeld */,
			);
			path = MealTimeApp;
			sourceTree = "<group>";
		};
		3ACB3FEB257A449200293173 /* CoreData Entities */ = {
			isa = PBXGroup;
			children = (
				3ACB3FE3257A440D00293173 /* User+CoreDataClass.swift */,
				3ACB3FE4257A440D00293173 /* User+CoreDataProperties.swift */,
				3ACB3FE5257A440D00293173 /* Meal+CoreDataClass.swift */,
				3ACB3FE6257A440D00293173 /* Meal+CoreDataProperties.swift */,
			);
			path = "CoreData Entities";
			sourceTree = "<group>";
		};
/* End PBXGroup section */

/* Begin PBXNativeTarget section */
		3ACB3F97257A24A900293173 /* MealTimeApp */ = {
			isa = PBXNativeTarget;
			buildConfigurationList = 3ACB3FAF257A24AC00293173 /* Build configuration list for PBXNativeTarget "MealTimeApp" */;
			buildPhases = (
				3ACB3F94257A24A900293173 /* Sources */,
				3ACB3F95257A24A900293173 /* Frameworks */,
				3ACB3F96257A24A900293173 /* Resources */,
			);
			buildRules = (
			);
			dependencies = (
			);
			name = MealTimeApp;
			productName = MealTimeApp;
			productReference = 3ACB3F98257A24A900293173 /* MealTimeApp.app */;
			productType = "com.apple.product-type.application";
		};
/* End PBXNativeTarget section */

/* Begin PBXProject section */
		3ACB3F90257A24A900293173 /* Project object */ = {
			isa = PBXProject;
			attributes = {
				LastSwiftUpdateCheck = 1150;
				LastUpgradeCheck = 1150;
				ORGANIZATIONNAME = "Давид Михайлов";
				TargetAttributes = {
					3ACB3F97257A24A900293173 = {
						CreatedOnToolsVersion = 11.5;
					};
				};
			};
			buildConfigurationList = 3ACB3F93257A24A900293173 /* Build configuration list for PBXProject "MealTimeApp" */;
			compatibilityVersion = "Xcode 9.3";
			developmentRegion = en;
			hasScannedForEncodings = 0;
			knownRegions = (
				en,
				Base,
			);
			mainGroup = 3ACB3F8F257A24A900293173;
			productRefGroup = 3ACB3F99257A24A900293173 /* Products */;
			projectDirPath = "";
			projectRoot = "";
			targets = (
				3ACB3F97257A24A900293173 /* MealTimeApp */,
			);
		};
/* End PBXProject section */

/* Begin PBXResourcesBuildPhase section */
		3ACB3F96257A24A900293173 /* Resources */ = {
			isa = PBXResourcesBuildPhase;
			buildActionMask = 2147483647;
			files = (
				3ACB3FBB257A314F00293173 /* Main.storyboard in Resources */,
				3ACB3FAB257A24AC00293173 /* LaunchScreen.storyboard in Resources */,
				3ACB3FA8257A24AC00293173 /* Assets.xcassets in Resources */,
			);
			runOnlyForDeploymentPostprocessing = 0;
		};
/* End PBXResourcesBuildPhase section */

/* Begin PBXSourcesBuildPhase section */
		3ACB3F94257A24A900293173 /* Sources */ = {
			isa = PBXSourcesBuildPhase;
			buildActionMask = 2147483647;
			files = (
				3ACB3FE2257A387800293173 /* CoreDataStack.swift in Sources */,
				3ACB3FA0257A24A900293173 /*  .swift in Sources */,
				3ACB3FE7257A440D00293173 /* User+CoreDataClass.swift in Sources */,
				3ACB3FE8257A440D00293173 /* User+CoreDataProperties.swift in Sources */,
				3ACB3F9E257A24A900293173 /* SceneDelegate.swift in Sources */,
				3ACB3FEA257A440D00293173 /* Meal+CoreDataProperties.swift in Sources */,
				3ACB3FBD257A317400293173 /* AppDelegate.swift in Sources */,
				3ACB3FE9257A440D00293173 /* Meal+CoreDataClass.swift in Sources */,
				3ACB3FA6257A24A900293173 /* MealTimeApp.xcdatamodeld in Sources */,
			);
			runOnlyForDeploymentPostprocessing = 0;
		};
/* End PBXSourcesBuildPhase section */

/* Begin PBXVariantGroup section */
		3ACB3FA9257A24AC00293173 /* LaunchScreen.storyboard */ = {
			isa = PBXVariantGroup;
			children = (
				3ACB3FAA257A24AC00293173 /* Base */,
			);
			name = LaunchScreen.storyboard;
			sourceTree = "<group>";
		};
		3ACB3FB9257A314F00293173 /* Main.storyboard */ = {
			isa = PBXVariantGroup;
			children = (
				3ACB3FBA257A314F00293173 /* Base */,
			);
			name = Main.storyboard;
			sourceTree = "<group>";
		};
/* End PBXVariantGroup section */

/* Begin XCBuildConfiguration section */
		3ACB3FAD257A24AC00293173 /* Debug */ = {
			isa = XCBuildConfiguration;
			buildSettings = {
				ALWAYS_SEARCH_USER_PATHS = NO;
				CLANG_ANALYZER_NONNULL = YES;
				CLANG_ANALYZER_NUMBER_OBJECT_CONVERSION = YES_AGGRESSIVE;
				CLANG_CXX_LANGUAGE_STANDARD = "gnu++14";
				CLANG_CXX_LIBRARY = "libc++";
				CLANG_ENABLE_MODULES = YES;
				CLANG_ENABLE_OBJC_ARC = YES;
				CLANG_ENABLE_OBJC_WEAK = YES;
				CLANG_WARN_BLOCK_CAPTURE_AUTORELEASING = YES;
				CLANG_WARN_BOOL_CONVERSION = YES;
				CLANG_WARN_COMMA = YES;
				CLANG_WARN_CONSTANT_CONVERSION = YES;
				CLANG_WARN_DEPRECATED_OBJC_IMPLEMENTATIONS = YES;
				CLANG_WARN_DIRECT_OBJC_ISA_USAGE = YES_ERROR;
				CLANG_WARN_DOCUMENTATION_COMMENTS = YES;
				CLANG_WARN_EMPTY_BODY = YES;
				CLANG_WARN_ENUM_CONVERSION = YES;
				CLANG_WARN_INFINITE_RECURSION = YES;
				CLANG_WARN_INT_CONVERSION = YES;
				CLANG_WARN_NON_LITERAL_NULL_CONVERSION = YES;
				CLANG_WARN_OBJC_IMPLICIT_RETAIN_SELF = YES;
				CLANG_WARN_OBJC_LITERAL_CONVERSION = YES;
				CLANG_WARN_OBJC_ROOT_CLASS = YES_ERROR;
				CLANG_WARN_RANGE_LOOP_ANALYSIS = YES;
				CLANG_WARN_STRICT_PROTOTYPES = YES;
				CLANG_WARN_SUSPICIOUS_MOVE = YES;
				CLANG_WARN_UNGUARDED_AVAILABILITY = YES_AGGRESSIVE;
				CLANG_WARN_UNREACHABLE_CODE = YES;
				CLANG_WARN__DUPLICATE_METHOD_MATCH = YES;
				COPY_PHASE_STRIP = NO;
				DEBUG_INFORMATION_FORMAT = dwarf;
				ENABLE_STRICT_OBJC_MSGSEND = YES;
				ENABLE_TESTABILITY = YES;
				GCC_C_LANGUAGE_STANDARD = gnu11;
				GCC_DYNAMIC_NO_PIC = NO;
				GCC_NO_COMMON_BLOCKS = YES;
				GCC_OPTIMIZATION_LEVEL = 0;
				GCC_PREPROCESSOR_DEFINITIONS = (
					"DEBUG=1",
					"$(inherited)",
				);
				GCC_WARN_64_TO_32_BIT_CONVERSION = YES;
				GCC_WARN_ABOUT_RETURN_TYPE = YES_ERROR;
				GCC_WARN_UNDECLARED_SELECTOR = YES;
				GCC_WARN_UNINITIALIZED_AUTOS = YES_AGGRESSIVE;
				GCC_WARN_UNUSED_FUNCTION = YES;
				GCC_WARN_UNUSED_VARIABLE = YES;
				IPHONEOS_DEPLOYMENT_TARGET = 13.5;
				MTL_ENABLE_DEBUG_INFO = INCLUDE_SOURCE;
				MTL_FAST_MATH = YES;
				ONLY_ACTIVE_ARCH = YES;
				SDKROOT = iphoneos;
				SWIFT_ACTIVE_COMPILATION_CONDITIONS = DEBUG;
				SWIFT_OPTIMIZATION_LEVEL = "-Onone";
			};
			name = Debug;
		};
		3ACB3FAE257A24AC00293173 /* Release */ = {
			isa = XCBuildConfiguration;
			buildSettings = {
				ALWAYS_SEARCH_USER_PATHS = NO;
				CLANG_ANALYZER_NONNULL = YES;
				CLANG_ANALYZER_NUMBER_OBJECT_CONVERSION = YES_AGGRESSIVE;
				CLANG_CXX_LANGUAGE_STANDARD = "gnu++14";
				CLANG_CXX_LIBRARY = "libc++";
				CLANG_ENABLE_MODULES = YES;
				CLANG_ENABLE_OBJC_ARC = YES;
				CLANG_ENABLE_OBJC_WEAK = YES;
				CLANG_WARN_BLOCK_CAPTURE_AUTORELEASING = YES;
				CLANG_WARN_BOOL_CONVERSION = YES;
				CLANG_WARN_COMMA = YES;
				CLANG_WARN_CONSTANT_CONVERSION = YES;
				CLANG_WARN_DEPRECATED_OBJC_IMPLEMENTATIONS = YES;
				CLANG_WARN_DIRECT_OBJC_ISA_USAGE = YES_ERROR;
				CLANG_WARN_DOCUMENTATION_COMMENTS = YES;
				CLANG_WARN_EMPTY_BODY = YES;
				CLANG_WARN_ENUM_CONVERSION = YES;
				CLANG_WARN_INFINITE_RECURSION = YES;
				CLANG_WARN_INT_CONVERSION = YES;
				CLANG_WARN_NON_LITERAL_NULL_CONVERSION = YES;
				CLANG_WARN_OBJC_IMPLICIT_RETAIN_SELF = YES;
				CLANG_WARN_OBJC_LITERAL_CONVERSION = YES;
				CLANG_WARN_OBJC_ROOT_CLASS = YES_ERROR;
				CLANG_WARN_RANGE_LOOP_ANALYSIS = YES;
				CLANG_WARN_STRICT_PROTOTYPES = YES;
				CLANG_WARN_SUSPICIOUS_MOVE = YES;
				CLANG_WARN_UNGUARDED_AVAILABILITY = YES_AGGRESSIVE;
				CLANG_WARN_UNREACHABLE_CODE = YES;
				CLANG_WARN__DUPLICATE_METHOD_MATCH = YES;
				COPY_PHASE_STRIP = NO;
				DEBUG_INFORMATION_FORMAT = "dwarf-with-dsym";
				ENABLE_NS_ASSERTIONS = NO;
				ENABLE_STRICT_OBJC_MSGSEND = YES;
				GCC_C_LANGUAGE_STANDARD = gnu11;
				GCC_NO_COMMON_BLOCKS = YES;
				GCC_WARN_64_TO_32_BIT_CONVERSION = YES;
				GCC_WARN_ABOUT_RETURN_TYPE = YES_ERROR;
				GCC_WARN_UNDECLARED_SELECTOR = YES;
				GCC_WARN_UNINITIALIZED_AUTOS = YES_AGGRESSIVE;
				GCC_WARN_UNUSED_FUNCTION = YES;
				GCC_WARN_UNUSED_VARIABLE = YES;
				IPHONEOS_DEPLOYMENT_TARGET = 13.5;
				MTL_ENABLE_DEBUG_INFO = NO;
				MTL_FAST_MATH = YES;
				SDKROOT = iphoneos;
				SWIFT_COMPILATION_MODE = wholemodule;
				SWIFT_OPTIMIZATION_LEVEL = "-O";
				VALIDATE_PRODUCT = YES;
			};
			name = Release;
		};
		3ACB3FB0257A24AC00293173 /* Debug */ = {
			isa = XCBuildConfiguration;
			buildSettings = {
				ASSETCATALOG_COMPILER_APPICON_NAME = AppIcon;
				CODE_SIGN_STYLE = Automatic;
				DEVELOPMENT_TEAM = X84H3LFA4V;
				INFOPLIST_FILE = MealTimeApp/Info.plist;
				LD_RUNPATH_SEARCH_PATHS = (
					"$(inherited)",
					"@executable_path/Frameworks",
				);
				PRODUCT_BUNDLE_IDENTIFIER = com.davidMikhailov.MealTimeApp;
				PRODUCT_NAME = "$(TARGET_NAME)";
				SWIFT_VERSION = 5.0;
				TARGETED_DEVICE_FAMILY = "1,2";
			};
			name = Debug;
		};
		3ACB3FB1257A24AC00293173 /* Release */ = {
			isa = XCBuildConfiguration;
			buildSettings = {
				ASSETCATALOG_COMPILER_APPICON_NAME = AppIcon;
				CODE_SIGN_STYLE = Automatic;
				DEVELOPMENT_TEAM = X84H3LFA4V;
				INFOPLIST_FILE = MealTimeApp/Info.plist;
				LD_RUNPATH_SEARCH_PATHS = (
					"$(inherited)",
					"@executable_path/Frameworks",
				);
				PRODUCT_BUNDLE_IDENTIFIER = com.davidMikhailov.MealTimeApp;
				PRODUCT_NAME = "$(TARGET_NAME)";
				SWIFT_VERSION = 5.0;
				TARGETED_DEVICE_FAMILY = "1,2";
			};
			name = Release;
		};
/* End XCBuildConfiguration section */

/* Begin XCConfigurationList section */
		3ACB3F93257A24A900293173 /* Build configuration list for PBXProject "MealTimeApp" */ = {
			isa = XCConfigurationList;
			buildConfigurations = (
				3ACB3FAD257A24AC00293173 /* Debug */,
				3ACB3FAE257A24AC00293173 /* Release */,
			);
			defaultConfigurationIsVisible = 0;
			defaultConfigurationName = Release;
		};
		3ACB3FAF257A24AC00293173 /* Build configuration list for PBXNativeTarget "MealTimeApp" */ = {
			isa = XCConfigurationList;
			buildConfigurations = (
				3ACB3FB0257A24AC00293173 /* Debug */,
				3ACB3FB1257A24AC00293173 /* Release */,
			);
			defaultConfigurationIsVisible = 0;
			defaultConfigurationName = Release;
		};
/* End XCConfigurationList section */

/* Begin XCVersionGroup section */
		3ACB3FA4257A24A900293173 /* MealTimeApp.xcdatamodeld */ = {
			isa = XCVersionGroup;
			children = (
				3ACB3FA5257A24A900293173 /* MealTimeApp.xcdatamodel */,
			);
			currentVersion = 3ACB3FA5257A24A900293173 /* MealTimeApp.xcdatamodel */;
			path = MealTimeApp.xcdatamodeld;
			sourceTree = "<group>";
			versionGroupType = wrapper.xcdatamodel;
		};
/* End XCVersionGroup section */
	};
	rootObject = 3ACB3F90257A24A900293173 /* Project object */;
}
